
Microsoft Visual Studio Solution File, Format Version 12.00
# Visual Studio Version 16
VisualStudioVersion = 16.0.31005.135
MinimumVisualStudioVersion = 10.0.40219.1
Project("{FAE04EC0-301F-11D3-BF4B-00C04F79EFBC}") = "CollaboratorToSlack", "CollaboratorToSlack\CollaboratorToSlack.csproj", "{316BED9E-71A6-4E9F-BE55-2388055D5DA2}"
EndProject
Global
	GlobalSection(SolutionConfigurationPlatforms) = preSolution
		Debug|Any CPU = Debug|Any CPU
		Release|Any CPU = Release|Any CPU
	EndGlobalSection
	GlobalSection(ProjectConfigurationPlatforms) = postSolution
		{316BED9E-71A6-4E9F-BE55-2388055D5DA2}.Debug|Any CPU.ActiveCfg = Debug|Any CPU
		{316BED9E-71A6-4E9F-BE55-2388055D5DA2}.Debug|Any CPU.Build.0 = Debug|Any CPU
		{316BED9E-71A6-4E9F-BE55-2388055D5DA2}.Release|Any CPU.ActiveCfg = Release|Any CPU
		{316BED9E-71A6-4E9F-BE55-2388055D5DA2}.Release|Any CPU.Build.0 = Release|Any CPU
	EndGlobalSection
	GlobalSection(SolutionProperties) = preSolution
		HideSolutionNode = FALSE
	EndGlobalSection
	GlobalSection(ExtensibilityGlobals) = postSolution
		SolutionGuid = {34B6F74B-F6B3-4937-8AAF-E7C9C178066F}
	EndGlobalSection
EndGlobal
